{
  "name": "07-module",
  "version": "1.0.0",
  "lockfileVersion": 1,
  "requires": true,
  "dependencies": {
    "date-now": {
      "version": "1.0.1",
      "resolved": "https://registry.npmjs.org/date-now/-/date-now-1.0.1.tgz",
      "integrity": "sha1-u30IZDjevkGCpIX7PfP7+5nWFTw="
    },
    "module-name": {
      "version": "0.0.1-security",
      "resolved": "https://registry.npmjs.org/module-name/-/module-name-0.0.1-security.tgz",
      "integrity": "sha1-aeFllI8EIPnTiN9sjcWdRyULRf8="
    }
  }
}
